
Microsoft Visual Studio Solution File, Format Version 12.00
# Visual Studio Version 17
VisualStudioVersion = 17.9.34714.143
MinimumVisualStudioVersion = 10.0.40219.1
Project("{FAE04EC0-301F-11D3-BF4B-00C04F79EFBC}") = "LabSintaxis4", "LabSintaxis4.csproj", "{92B61CCA-7431-4AB9-9319-3BAE41AB3C26}"
EndProject
Global
	GlobalSection(SolutionConfigurationPlatforms) = preSolution
		Debug|Any CPU = Debug|Any CPU
		Release|Any CPU = Release|Any CPU
	EndGlobalSection
	GlobalSection(ProjectConfigurationPlatforms) = postSolution
		{92B61CCA-7431-4AB9-9319-3BAE41AB3C26}.Debug|Any CPU.ActiveCfg = Debug|Any CPU
		{92B61CCA-7431-4AB9-9319-3BAE41AB3C26}.Debug|Any CPU.Build.0 = Debug|Any CPU
		{92B61CCA-7431-4AB9-9319-3BAE41AB3C26}.Release|Any CPU.ActiveCfg = Release|Any CPU
		{92B61CCA-7431-4AB9-9319-3BAE41AB3C26}.Release|Any CPU.Build.0 = Release|Any CPU
	EndGlobalSection
	GlobalSection(SolutionProperties) = preSolution
		HideSolutionNode = FALSE
	EndGlobalSection
	GlobalSection(ExtensibilityGlobals) = postSolution
		SolutionGuid = {005E776F-5CDB-40BB-A764-C2382BEA6D0D}
	EndGlobalSection
EndGlobal
